
Microsoft Visual Studio Solution File, Format Version 12.00
# Visual Studio Version 16
VisualStudioVersion = 16.0.32802.440
MinimumVisualStudioVersion = 10.0.40219.1
Project("{8BC9CEB8-8B4A-11D0-8D11-00A0C91BC942}") = "KyleLavigneProject8", "KyleLavigneProject8\KyleLavigneProject8.vcxproj", "{E4D12105-096C-4DF7-8062-C3D9F4EEF37A}"
EndProject
Global
	GlobalSection(SolutionConfigurationPlatforms) = preSolution
		Debug|x64 = Debug|x64
		Debug|x86 = Debug|x86
		Release|x64 = Release|x64
		Release|x86 = Release|x86
	EndGlobalSection
	GlobalSection(ProjectConfigurationPlatforms) = postSolution
		{E4D12105-096C-4DF7-8062-C3D9F4EEF37A}.Debug|x64.ActiveCfg = Debug|x64
		{E4D12105-096C-4DF7-8062-C3D9F4EEF37A}.Debug|x64.Build.0 = Debug|x64
		{E4D12105-096C-4DF7-8062-C3D9F4EEF37A}.Debug|x86.ActiveCfg = Debug|Win32
		{E4D12105-096C-4DF7-8062-C3D9F4EEF37A}.Debug|x86.Build.0 = Debug|Win32
		{E4D12105-096C-4DF7-8062-C3D9F4EEF37A}.Release|x64.ActiveCfg = Release|x64
		{E4D12105-096C-4DF7-8062-C3D9F4EEF37A}.Release|x64.Build.0 = Release|x64
		{E4D12105-096C-4DF7-8062-C3D9F4EEF37A}.Release|x86.ActiveCfg = Release|Win32
		{E4D12105-096C-4DF7-8062-C3D9F4EEF37A}.Release|x86.Build.0 = Release|Win32
	EndGlobalSection
	GlobalSection(SolutionProperties) = preSolution
		HideSolutionNode = FALSE
	EndGlobalSection
	GlobalSection(ExtensibilityGlobals) = postSolution
		SolutionGuid = {D120E05E-74A9-4653-BC38-39B0A183F619}
	EndGlobalSection
EndGlobal
